
Microsoft Visual Studio Solution File, Format Version 12.00
# Visual Studio Version 17
VisualStudioVersion = 17.9.34728.123
MinimumVisualStudioVersion = 10.0.40219.1
Project("{FAE04EC0-301F-11D3-BF4B-00C04F79EFBC}") = "StudentManagement", "StudentManagement\StudentManagement.csproj", "{27CFF84E-CF70-443D-B8D8-7BDCBF8832AA}"
EndProject
Global
	GlobalSection(SolutionConfigurationPlatforms) = preSolution
		Debug|Any CPU = Debug|Any CPU
		Release|Any CPU = Release|Any CPU
	EndGlobalSection
	GlobalSection(ProjectConfigurationPlatforms) = postSolution
		{27CFF84E-CF70-443D-B8D8-7BDCBF8832AA}.Debug|Any CPU.ActiveCfg = Debug|Any CPU
		{27CFF84E-CF70-443D-B8D8-7BDCBF8832AA}.Debug|Any CPU.Build.0 = Debug|Any CPU
		{27CFF84E-CF70-443D-B8D8-7BDCBF8832AA}.Release|Any CPU.ActiveCfg = Release|Any CPU
		{27CFF84E-CF70-443D-B8D8-7BDCBF8832AA}.Release|Any CPU.Build.0 = Release|Any CPU
	EndGlobalSection
	GlobalSection(SolutionProperties) = preSolution
		HideSolutionNode = FALSE
	EndGlobalSection
	GlobalSection(ExtensibilityGlobals) = postSolution
		SolutionGuid = {C9AA02D5-EF7A-499C-A7CF-353C177B23E4}
	EndGlobalSection
EndGlobal
